
Microsoft Visual Studio Solution File, Format Version 12.00
# Visual Studio Version 16
VisualStudioVersion = 16.0.31410.357
MinimumVisualStudioVersion = 10.0.40219.1
Project("{9A19103F-16F7-4668-BE54-9A1E7A4F7556}") = "Games_Storage_App", "Games_Storage_App\Games_Storage_App.csproj", "{B096193F-F445-4B1E-84C3-A1BCD925E1CF}"
	ProjectSection(ProjectDependencies) = postProject
		{3415203F-7909-4053-8C12-E6F13314F070} = {3415203F-7909-4053-8C12-E6F13314F070}
	EndProjectSection
EndProject
Project("{FAE04EC0-301F-11D3-BF4B-00C04F79EFBC}") = "Games_Storage_App.Data_Access", "Games_Storage_App.Data_Access\Games_Storage_App.Data_Access.csproj", "{3415203F-7909-4053-8C12-E6F13314F070}"
EndProject
Global
	GlobalSection(SolutionConfigurationPlatforms) = preSolution
		Debug|Any CPU = Debug|Any CPU
		Release|Any CPU = Release|Any CPU
	EndGlobalSection
	GlobalSection(ProjectConfigurationPlatforms) = postSolution
		{B096193F-F445-4B1E-84C3-A1BCD925E1CF}.Debug|Any CPU.ActiveCfg = Debug|Any CPU
		{B096193F-F445-4B1E-84C3-A1BCD925E1CF}.Debug|Any CPU.Build.0 = Debug|Any CPU
		{B096193F-F445-4B1E-84C3-A1BCD925E1CF}.Release|Any CPU.ActiveCfg = Release|Any CPU
		{B096193F-F445-4B1E-84C3-A1BCD925E1CF}.Release|Any CPU.Build.0 = Release|Any CPU
		{3415203F-7909-4053-8C12-E6F13314F070}.Debug|Any CPU.ActiveCfg = Debug|Any CPU
		{3415203F-7909-4053-8C12-E6F13314F070}.Debug|Any CPU.Build.0 = Debug|Any CPU
		{3415203F-7909-4053-8C12-E6F13314F070}.Release|Any CPU.ActiveCfg = Release|Any CPU
		{3415203F-7909-4053-8C12-E6F13314F070}.Release|Any CPU.Build.0 = Release|Any CPU
	EndGlobalSection
	GlobalSection(SolutionProperties) = preSolution
		HideSolutionNode = FALSE
	EndGlobalSection
	GlobalSection(ExtensibilityGlobals) = postSolution
		SolutionGuid = {99D4C43E-C113-4C38-959F-D7E703317ABA}
	EndGlobalSection
EndGlobal
